// !$*UTF8*$!
{
	archiveVersion = 1;
	classes = {
	};
	objectVersion = 51;
	objects = {

/* Begin PBXBuildFile section */
		2AD2198E9BCAD6448C7CF56A /* Pods_Doctoraak.framework in Frameworks */ = {isa = PBXBuildFile; fileRef = C300D290AB172CC2F362780A /* Pods_Doctoraak.framework */; };
		4E111D7B2429C4EC000250AE /* MainRegisterVC.swift in Sources */ = {isa = PBXBuildFile; fileRef = 4E111D7A2429C4EC000250AE /* MainRegisterVC.swift */; };
		4E111D822429C5C1000250AE /* ColorConstants.swift in Sources */ = {isa = PBXBuildFile; fileRef = 4E111D812429C5C1000250AE /* ColorConstants.swift */; };
		4E111D842429C690000250AE /* CustomMainRegisterView.swift in Sources */ = {isa = PBXBuildFile; fileRef = 4E111D832429C690000250AE /* CustomMainRegisterView.swift */; };
		4E14F23B242B462400107FA7 /* DoctorRegisterViewModel.swift in Sources */ = {isa = PBXBuildFile; fileRef = 4E14F23A242B462400107FA7 /* DoctorRegisterViewModel.swift */; };
		4E28EC67242A49B100B54186 /* MainForgetPasswordVC.swift in Sources */ = {isa = PBXBuildFile; fileRef = 4E28EC66242A49B100B54186 /* MainForgetPasswordVC.swift */; };
		4E28EC6A242A4A7E00B54186 /* CustomMainForgetPassView.swift in Sources */ = {isa = PBXBuildFile; fileRef = 4E28EC69242A4A7E00B54186 /* CustomMainForgetPassView.swift */; };
		4E28EC6C242A4D9E00B54186 /* CustomMainNewPassView.swift in Sources */ = {isa = PBXBuildFile; fileRef = 4E28EC6B242A4D9E00B54186 /* CustomMainNewPassView.swift */; };
		4E28EC6E242A4DB900B54186 /* MainNewPassVC.swift in Sources */ = {isa = PBXBuildFile; fileRef = 4E28EC6D242A4DB900B54186 /* MainNewPassVC.swift */; };
		4E28EC72242A51C500B54186 /* NewPassViewModel.swift in Sources */ = {isa = PBXBuildFile; fileRef = 4E28EC71242A51C500B54186 /* NewPassViewModel.swift */; };
		4E333E012426559000F82E00 /* BaseCollectionCell.swift in Sources */ = {isa = PBXBuildFile; fileRef = 4E333E002426559000F82E00 /* BaseCollectionCell.swift */; };
		4E333E03242655D400F82E00 /* CardinolgyCell.swift in Sources */ = {isa = PBXBuildFile; fileRef = 4E333E02242655D400F82E00 /* CardinolgyCell.swift */; };
		4E333E0524265B2800F82E00 /* DoctorDaysShiftCell.swift in Sources */ = {isa = PBXBuildFile; fileRef = 4E333E0424265B2800F82E00 /* DoctorDaysShiftCell.swift */; };
		4E333E0824265C2D00F82E00 /* CustomSiftButton.swift in Sources */ = {isa = PBXBuildFile; fileRef = 4E333E0724265C2D00F82E00 /* CustomSiftButton.swift */; };
		4E333E0A2426604900F82E00 /* DoctorSuggestShiftHorizentalVC.swift in Sources */ = {isa = PBXBuildFile; fileRef = 4E333E092426604900F82E00 /* DoctorSuggestShiftHorizentalVC.swift */; };
		4E333E0F2426607E00F82E00 /* BaseCollectionVC.swift in Sources */ = {isa = PBXBuildFile; fileRef = 4E333E0E2426607E00F82E00 /* BaseCollectionVC.swift */; };
		4E333E11242663BF00F82E00 /* DoctorWorkingDateCollectionVC.swift in Sources */ = {isa = PBXBuildFile; fileRef = 4E333E10242663BF00F82E00 /* DoctorWorkingDateCollectionVC.swift */; };
		4E333E13242663E400F82E00 /* DoctorWorkingDateCell.swift in Sources */ = {isa = PBXBuildFile; fileRef = 4E333E12242663E400F82E00 /* DoctorWorkingDateCell.swift */; };
		4E333E1524266A7700F82E00 /* Extensions.swift in Sources */ = {isa = PBXBuildFile; fileRef = 4E333E1424266A7700F82E00 /* Extensions.swift */; };
		4E3449072428BF9300259224 /* MainVerificationVC.swift in Sources */ = {isa = PBXBuildFile; fileRef = 4E3449062428BF9300259224 /* MainVerificationVC.swift */; };
		4E3449092428BFB600259224 /* CustomMainVerificationView.swift in Sources */ = {isa = PBXBuildFile; fileRef = 4E3449082428BFB600259224 /* CustomMainVerificationView.swift */; };
		4E3458E72428B2D100DA89A0 /* SecondRegisterVC.swift in Sources */ = {isa = PBXBuildFile; fileRef = 4E3458E62428B2D100DA89A0 /* SecondRegisterVC.swift */; };
		4E3458EA2428B2FF00DA89A0 /* CustomCecondRegisterView.swift in Sources */ = {isa = PBXBuildFile; fileRef = 4E3458E92428B2FF00DA89A0 /* CustomCecondRegisterView.swift */; };
		4E35489C242B814C00DD4E7A /* BaseSlidingVC.swift in Sources */ = {isa = PBXBuildFile; fileRef = 4E35489B242B814C00DD4E7A /* BaseSlidingVC.swift */; };
		4E35489F242B834300DD4E7A /* HomeLeftMenuTableVC.swift in Sources */ = {isa = PBXBuildFile; fileRef = 4E35489E242B834300DD4E7A /* HomeLeftMenuTableVC.swift */; };
		4E3548A1242B83C300DD4E7A /* DoctorLeftMenuCell.swift in Sources */ = {isa = PBXBuildFile; fileRef = 4E3548A0242B83C300DD4E7A /* DoctorLeftMenuCell.swift */; };
		4E382D7024290B74006B0E8D /* WelcomeMainSecondVC.swift in Sources */ = {isa = PBXBuildFile; fileRef = 4E382D6F24290B74006B0E8D /* WelcomeMainSecondVC.swift */; };
		4E382D7224290BA5006B0E8D /* CustomWelcomeMainSecondView.swift in Sources */ = {isa = PBXBuildFile; fileRef = 4E382D7124290BA5006B0E8D /* CustomWelcomeMainSecondView.swift */; };
		4E4AAEDE2428CBA700023720 /* ClinicDataVC.swift in Sources */ = {isa = PBXBuildFile; fileRef = 4E4AAEDD2428CBA700023720 /* ClinicDataVC.swift */; };
		4E4AAEE12428CCE900023720 /* CustomClinicDataView.swift in Sources */ = {isa = PBXBuildFile; fileRef = 4E4AAEE02428CCE900023720 /* CustomClinicDataView.swift */; };
		4E5803052427899200B5D502 /* WelcomeVC.swift in Sources */ = {isa = PBXBuildFile; fileRef = 4E5803042427899200B5D502 /* WelcomeVC.swift */; };
		4E580307242789B800B5D502 /* CustomBaseViewVC.swift in Sources */ = {isa = PBXBuildFile; fileRef = 4E580306242789B800B5D502 /* CustomBaseViewVC.swift */; };
		4E58030A24278A2700B5D502 /* CustomWelcomeView.swift in Sources */ = {isa = PBXBuildFile; fileRef = 4E58030924278A2700B5D502 /* CustomWelcomeView.swift */; };
		4E58030C24278DB500B5D502 /* SecondWelcomeVC.swift in Sources */ = {isa = PBXBuildFile; fileRef = 4E58030B24278DB500B5D502 /* SecondWelcomeVC.swift */; };
		4E58030E24278DDB00B5D502 /* CustomSecondWelcomeView.swift in Sources */ = {isa = PBXBuildFile; fileRef = 4E58030D24278DDB00B5D502 /* CustomSecondWelcomeView.swift */; };
		4E5803122427903900B5D502 /* MainLoginsVC.swift in Sources */ = {isa = PBXBuildFile; fileRef = 4E5803112427903900B5D502 /* MainLoginsVC.swift */; };
		4E580314242790A200B5D502 /* CustomLoginsView.swift in Sources */ = {isa = PBXBuildFile; fileRef = 4E580313242790A200B5D502 /* CustomLoginsView.swift */; };
		4E580316242796DC00B5D502 /* CustomSkyTextFieldRightPadding.swift in Sources */ = {isa = PBXBuildFile; fileRef = 4E580315242796DC00B5D502 /* CustomSkyTextFieldRightPadding.swift */; };
		4E5CE79F242748C0001EE175 /* CardiologyCollectionVC.swift in Sources */ = {isa = PBXBuildFile; fileRef = 4E5CE79E242748C0001EE175 /* CardiologyCollectionVC.swift */; };
		4E5CE7A22427492A001EE175 /* CustomCardiologyView.swift in Sources */ = {isa = PBXBuildFile; fileRef = 4E5CE7A12427492A001EE175 /* CustomCardiologyView.swift */; };
		4E5CE7A524274A2C001EE175 /* CardiologyVC.swift in Sources */ = {isa = PBXBuildFile; fileRef = 4E5CE7A424274A2C001EE175 /* CardiologyVC.swift */; };
		4E5CE7A924275187001EE175 /* CusomBookView.swift in Sources */ = {isa = PBXBuildFile; fileRef = 4E5CE7A824275187001EE175 /* CusomBookView.swift */; };
		4E5CE7AB2427545C001EE175 /* DoctorBookVC.swift in Sources */ = {isa = PBXBuildFile; fileRef = 4E5CE7AA2427545C001EE175 /* DoctorBookVC.swift */; };
		4E5E0BB5242891380031AE4A /* DoctorRegisterVC.swift in Sources */ = {isa = PBXBuildFile; fileRef = 4E5E0BB4242891380031AE4A /* DoctorRegisterVC.swift */; };
		4E5E0BB7242891620031AE4A /* CustomRegisterView.swift in Sources */ = {isa = PBXBuildFile; fileRef = 4E5E0BB6242891620031AE4A /* CustomRegisterView.swift */; };
		4E5E0BB9242891EF0031AE4A /* ExtensionsViews.swift in Sources */ = {isa = PBXBuildFile; fileRef = 4E5E0BB8242891EF0031AE4A /* ExtensionsViews.swift */; };
		4E8F40392428EA1700C0B455 /* CustomMainPaymentView.swift in Sources */ = {isa = PBXBuildFile; fileRef = 4E8F40382428EA1700C0B455 /* CustomMainPaymentView.swift */; };
		4E92AF65242B6AFA00BCF20E /* PatientDataVC.swift in Sources */ = {isa = PBXBuildFile; fileRef = 4E92AF64242B6AFA00BCF20E /* PatientDataVC.swift */; };
		4E92AF67242B6B5C00BCF20E /* CustomPatientDataView.swift in Sources */ = {isa = PBXBuildFile; fileRef = 4E92AF66242B6B5C00BCF20E /* CustomPatientDataView.swift */; };
		4E92AF69242B6FF900BCF20E /* HomeLeftMenuCollectionVC.swift in Sources */ = {isa = PBXBuildFile; fileRef = 4E92AF68242B6FF900BCF20E /* HomeLeftMenuCollectionVC.swift */; };
		4E92AF6C242B717200BCF20E /* CustomMainHomeLeftView.swift in Sources */ = {isa = PBXBuildFile; fileRef = 4E92AF6B242B717200BCF20E /* CustomMainHomeLeftView.swift */; };
		4EA112B52429E4DB005B64E3 /* Bindable.swift in Sources */ = {isa = PBXBuildFile; fileRef = 4EA112B42429E4DB005B64E3 /* Bindable.swift */; };
		4EA112B82429E541005B64E3 /* LoginViewModel.swift in Sources */ = {isa = PBXBuildFile; fileRef = 4EA112B72429E541005B64E3 /* LoginViewModel.swift */; };
		4EA112BA2429E557005B64E3 /* RegisterViewModel.swift in Sources */ = {isa = PBXBuildFile; fileRef = 4EA112B92429E557005B64E3 /* RegisterViewModel.swift */; };
		4EA112BC2429E612005B64E3 /* SMSCodeViewModel.swift in Sources */ = {isa = PBXBuildFile; fileRef = 4EA112BB2429E612005B64E3 /* SMSCodeViewModel.swift */; };
		4EA112BE2429E94B005B64E3 /* ExtensionUivew.swift in Sources */ = {isa = PBXBuildFile; fileRef = 4EA112BD2429E94B005B64E3 /* ExtensionUivew.swift */; };
		4EA5379424264090000AE7AD /* DeatilsVC.swift in Sources */ = {isa = PBXBuildFile; fileRef = 4EA5379324264090000AE7AD /* DeatilsVC.swift */; };
		4EA53797242645E8000AE7AD /* CustomDetailsView.swift in Sources */ = {isa = PBXBuildFile; fileRef = 4EA53796242645E8000AE7AD /* CustomDetailsView.swift */; };
		4EA5379924264605000AE7AD /* CustomBaseView.swift in Sources */ = {isa = PBXBuildFile; fileRef = 4EA5379824264605000AE7AD /* CustomBaseView.swift */; };
		4EADCF4F2428DA2100EEE761 /* MainClinicWorkingHoursVC.swift in Sources */ = {isa = PBXBuildFile; fileRef = 4EADCF4E2428DA2100EEE761 /* MainClinicWorkingHoursVC.swift */; };
		4EADCF512428DA5700EEE761 /* CustomMainClinicWorkingHoursView.swift in Sources */ = {isa = PBXBuildFile; fileRef = 4EADCF502428DA5700EEE761 /* CustomMainClinicWorkingHoursView.swift */; };
		4EBB726F242B22D4008DD084 /* TimeSelector.swift in Sources */ = {isa = PBXBuildFile; fileRef = 4EBB726E242B22D4008DD084 /* TimeSelector.swift */; };
		4EC8DDAB242A346500CEC5DF /* PaymentViewModel.swift in Sources */ = {isa = PBXBuildFile; fileRef = 4EC8DDAA242A346500CEC5DF /* PaymentViewModel.swift */; };
		4EC8DDAD242A363700CEC5DF /* MainPaymentVC.swift in Sources */ = {isa = PBXBuildFile; fileRef = 4EC8DDAC242A363700CEC5DF /* MainPaymentVC.swift */; };
		4EC977EF242B525200C61F1B /* DoctorHomeVC.swift in Sources */ = {isa = PBXBuildFile; fileRef = 4EC977EE242B525200C61F1B /* DoctorHomeVC.swift */; };
		4EC977F2242B52AC00C61F1B /* CustomDoctorHomeView.swift in Sources */ = {isa = PBXBuildFile; fileRef = 4EC977F1242B52AC00C61F1B /* CustomDoctorHomeView.swift */; };
		4EC977F7242B54D000C61F1B /* TopDoctorHomeCell.swift in Sources */ = {isa = PBXBuildFile; fileRef = 4EC977F6242B54D000C61F1B /* TopDoctorHomeCell.swift */; };
		4EC977F9242B59A300C61F1B /* DoctorHomePatientsCollectionVC.swift in Sources */ = {isa = PBXBuildFile; fileRef = 4EC977F8242B59A300C61F1B /* DoctorHomePatientsCollectionVC.swift */; };
		4EC977FB242B59D900C61F1B /* DoctorHomePatientsCell.swift in Sources */ = {isa = PBXBuildFile; fileRef = 4EC977FA242B59D900C61F1B /* DoctorHomePatientsCell.swift */; };
		7A52BB5524153A28008ED1F9 /* AppDelegate.swift in Sources */ = {isa = PBXBuildFile; fileRef = 7A52BB5424153A28008ED1F9 /* AppDelegate.swift */; };
		7A52BB5A24153A28008ED1F9 /* Main.storyboard in Resources */ = {isa = PBXBuildFile; fileRef = 7A52BB5824153A28008ED1F9 /* Main.storyboard */; };
		7A52BB5C24153A30008ED1F9 /* Assets.xcassets in Resources */ = {isa = PBXBuildFile; fileRef = 7A52BB5B24153A30008ED1F9 /* Assets.xcassets */; };
		7A52BB5F24153A30008ED1F9 /* LaunchScreen.storyboard in Resources */ = {isa = PBXBuildFile; fileRef = 7A52BB5D24153A30008ED1F9 /* LaunchScreen.storyboard */; };
		7AE60E3F241914EC002E9AF6 /* MainSpecificationModel.swift in Sources */ = {isa = PBXBuildFile; fileRef = 7AE60E3E241914EC002E9AF6 /* MainSpecificationModel.swift */; };
/* End PBXBuildFile section */

/* Begin PBXFileReference section */
		4E111D7A2429C4EC000250AE /* MainRegisterVC.swift */ = {isa = PBXFileReference; lastKnownFileType = sourcecode.swift; path = MainRegisterVC.swift; sourceTree = "<group>"; };
		4E111D812429C5C1000250AE /* ColorConstants.swift */ = {isa = PBXFileReference; lastKnownFileType = sourcecode.swift; path = ColorConstants.swift; sourceTree = "<group>"; };
		4E111D832429C690000250AE /* CustomMainRegisterView.swift */ = {isa = PBXFileReference; lastKnownFileType = sourcecode.swift; path = CustomMainRegisterView.swift; sourceTree = "<group>"; };
		4E14F23A242B462400107FA7 /* DoctorRegisterViewModel.swift */ = {isa = PBXFileReference; lastKnownFileType = sourcecode.swift; path = DoctorRegisterViewModel.swift; sourceTree = "<group>"; };
		4E28EC66242A49B100B54186 /* MainForgetPasswordVC.swift */ = {isa = PBXFileReference; lastKnownFileType = sourcecode.swift; path = MainForgetPasswordVC.swift; sourceTree = "<group>"; };
		4E28EC69242A4A7E00B54186 /* CustomMainForgetPassView.swift */ = {isa = PBXFileReference; lastKnownFileType = sourcecode.swift; path = CustomMainForgetPassView.swift; sourceTree = "<group>"; };
		4E28EC6B242A4D9E00B54186 /* CustomMainNewPassView.swift */ = {isa = PBXFileReference; lastKnownFileType = sourcecode.swift; path = CustomMainNewPassView.swift; sourceTree = "<group>"; };
		4E28EC6D242A4DB900B54186 /* MainNewPassVC.swift */ = {isa = PBXFileReference; lastKnownFileType = sourcecode.swift; path = MainNewPassVC.swift; sourceTree = "<group>"; };
		4E28EC71242A51C500B54186 /* NewPassViewModel.swift */ = {isa = PBXFileReference; lastKnownFileType = sourcecode.swift; path = NewPassViewModel.swift; sourceTree = "<group>"; };
		4E333E002426559000F82E00 /* BaseCollectionCell.swift */ = {isa = PBXFileReference; lastKnownFileType = sourcecode.swift; path = BaseCollectionCell.swift; sourceTree = "<group>"; };
		4E333E02242655D400F82E00 /* CardinolgyCell.swift */ = {isa = PBXFileReference; lastKnownFileType = sourcecode.swift; path = CardinolgyCell.swift; sourceTree = "<group>"; };
		4E333E0424265B2800F82E00 /* DoctorDaysShiftCell.swift */ = {isa = PBXFileReference; lastKnownFileType = sourcecode.swift; path = DoctorDaysShiftCell.swift; sourceTree = "<group>"; };
		4E333E0724265C2D00F82E00 /* CustomSiftButton.swift */ = {isa = PBXFileReference; lastKnownFileType = sourcecode.swift; path = CustomSiftButton.swift; sourceTree = "<group>"; };
		4E333E092426604900F82E00 /* DoctorSuggestShiftHorizentalVC.swift */ = {isa = PBXFileReference; lastKnownFileType = sourcecode.swift; path = DoctorSuggestShiftHorizentalVC.swift; sourceTree = "<group>"; };
		4E333E0E2426607E00F82E00 /* BaseCollectionVC.swift */ = {isa = PBXFileReference; lastKnownFileType = sourcecode.swift; path = BaseCollectionVC.swift; sourceTree = "<group>"; };
		4E333E10242663BF00F82E00 /* DoctorWorkingDateCollectionVC.swift */ = {isa = PBXFileReference; lastKnownFileType = sourcecode.swift; path = DoctorWorkingDateCollectionVC.swift; sourceTree = "<group>"; };
		4E333E12242663E400F82E00 /* DoctorWorkingDateCell.swift */ = {isa = PBXFileReference; lastKnownFileType = sourcecode.swift; path = DoctorWorkingDateCell.swift; sourceTree = "<group>"; };
		4E333E1424266A7700F82E00 /* Extensions.swift */ = {isa = PBXFileReference; lastKnownFileType = sourcecode.swift; path = Extensions.swift; sourceTree = "<group>"; };
		4E3449062428BF9300259224 /* MainVerificationVC.swift */ = {isa = PBXFileReference; lastKnownFileType = sourcecode.swift; path = MainVerificationVC.swift; sourceTree = "<group>"; };
		4E3449082428BFB600259224 /* CustomMainVerificationView.swift */ = {isa = PBXFileReference; lastKnownFileType = sourcecode.swift; path = CustomMainVerificationView.swift; sourceTree = "<group>"; };
		4E3458E62428B2D100DA89A0 /* SecondRegisterVC.swift */ = {isa = PBXFileReference; lastKnownFileType = sourcecode.swift; path = SecondRegisterVC.swift; sourceTree = "<group>"; };
		4E3458E92428B2FF00DA89A0 /* CustomCecondRegisterView.swift */ = {isa = PBXFileReference; lastKnownFileType = sourcecode.swift; path = CustomCecondRegisterView.swift; sourceTree = "<group>"; };
		4E35489B242B814C00DD4E7A /* BaseSlidingVC.swift */ = {isa = PBXFileReference; lastKnownFileType = sourcecode.swift; path = BaseSlidingVC.swift; sourceTree = "<group>"; };
		4E35489E242B834300DD4E7A /* HomeLeftMenuTableVC.swift */ = {isa = PBXFileReference; lastKnownFileType = sourcecode.swift; path = HomeLeftMenuTableVC.swift; sourceTree = "<group>"; };
		4E3548A0242B83C300DD4E7A /* DoctorLeftMenuCell.swift */ = {isa = PBXFileReference; lastKnownFileType = sourcecode.swift; path = DoctorLeftMenuCell.swift; sourceTree = "<group>"; };
		4E382D6F24290B74006B0E8D /* WelcomeMainSecondVC.swift */ = {isa = PBXFileReference; lastKnownFileType = sourcecode.swift; path = WelcomeMainSecondVC.swift; sourceTree = "<group>"; };
		4E382D7124290BA5006B0E8D /* CustomWelcomeMainSecondView.swift */ = {isa = PBXFileReference; lastKnownFileType = sourcecode.swift; path = CustomWelcomeMainSecondView.swift; sourceTree = "<group>"; };
		4E4AAEDD2428CBA700023720 /* ClinicDataVC.swift */ = {isa = PBXFileReference; lastKnownFileType = sourcecode.swift; path = ClinicDataVC.swift; sourceTree = "<group>"; };
		4E4AAEE02428CCE900023720 /* CustomClinicDataView.swift */ = {isa = PBXFileReference; lastKnownFileType = sourcecode.swift; path = CustomClinicDataView.swift; sourceTree = "<group>"; };
		4E5803042427899200B5D502 /* WelcomeVC.swift */ = {isa = PBXFileReference; lastKnownFileType = sourcecode.swift; path = WelcomeVC.swift; sourceTree = "<group>"; };
		4E580306242789B800B5D502 /* CustomBaseViewVC.swift */ = {isa = PBXFileReference; lastKnownFileType = sourcecode.swift; path = CustomBaseViewVC.swift; sourceTree = "<group>"; };
		4E58030924278A2700B5D502 /* CustomWelcomeView.swift */ = {isa = PBXFileReference; lastKnownFileType = sourcecode.swift; path = CustomWelcomeView.swift; sourceTree = "<group>"; };
		4E58030B24278DB500B5D502 /* SecondWelcomeVC.swift */ = {isa = PBXFileReference; lastKnownFileType = sourcecode.swift; path = SecondWelcomeVC.swift; sourceTree = "<group>"; };
		4E58030D24278DDB00B5D502 /* CustomSecondWelcomeView.swift */ = {isa = PBXFileReference; lastKnownFileType = sourcecode.swift; path = CustomSecondWelcomeView.swift; sourceTree = "<group>"; };
		4E5803112427903900B5D502 /* MainLoginsVC.swift */ = {isa = PBXFileReference; lastKnownFileType = sourcecode.swift; path = MainLoginsVC.swift; sourceTree = "<group>"; };
		4E580313242790A200B5D502 /* CustomLoginsView.swift */ = {isa = PBXFileReference; lastKnownFileType = sourcecode.swift; path = CustomLoginsView.swift; sourceTree = "<group>"; };
		4E580315242796DC00B5D502 /* CustomSkyTextFieldRightPadding.swift */ = {isa = PBXFileReference; lastKnownFileType = sourcecode.swift; path = CustomSkyTextFieldRightPadding.swift; sourceTree = "<group>"; };
		4E5CE79E242748C0001EE175 /* CardiologyCollectionVC.swift */ = {isa = PBXFileReference; lastKnownFileType = sourcecode.swift; path = CardiologyCollectionVC.swift; sourceTree = "<group>"; };
		4E5CE7A12427492A001EE175 /* CustomCardiologyView.swift */ = {isa = PBXFileReference; lastKnownFileType = sourcecode.swift; path = CustomCardiologyView.swift; sourceTree = "<group>"; };
		4E5CE7A424274A2C001EE175 /* CardiologyVC.swift */ = {isa = PBXFileReference; lastKnownFileType = sourcecode.swift; path = CardiologyVC.swift; sourceTree = "<group>"; };
		4E5CE7A824275187001EE175 /* CusomBookView.swift */ = {isa = PBXFileReference; lastKnownFileType = sourcecode.swift; path = CusomBookView.swift; sourceTree = "<group>"; };
		4E5CE7AA2427545C001EE175 /* DoctorBookVC.swift */ = {isa = PBXFileReference; lastKnownFileType = sourcecode.swift; path = DoctorBookVC.swift; sourceTree = "<group>"; };
		4E5E0BB4242891380031AE4A /* DoctorRegisterVC.swift */ = {isa = PBXFileReference; lastKnownFileType = sourcecode.swift; path = DoctorRegisterVC.swift; sourceTree = "<group>"; };
		4E5E0BB6242891620031AE4A /* CustomRegisterView.swift */ = {isa = PBXFileReference; lastKnownFileType = sourcecode.swift; path = CustomRegisterView.swift; sourceTree = "<group>"; };
		4E5E0BB8242891EF0031AE4A /* ExtensionsViews.swift */ = {isa = PBXFileReference; lastKnownFileType = sourcecode.swift; path = ExtensionsViews.swift; sourceTree = "<group>"; };
		4E8F40382428EA1700C0B455 /* CustomMainPaymentView.swift */ = {isa = PBXFileReference; lastKnownFileType = sourcecode.swift; path = CustomMainPaymentView.swift; sourceTree = "<group>"; };
		4E92AF64242B6AFA00BCF20E /* PatientDataVC.swift */ = {isa = PBXFileReference; lastKnownFileType = sourcecode.swift; path = PatientDataVC.swift; sourceTree = "<group>"; };
		4E92AF66242B6B5C00BCF20E /* CustomPatientDataView.swift */ = {isa = PBXFileReference; lastKnownFileType = sourcecode.swift; path = CustomPatientDataView.swift; sourceTree = "<group>"; };
		4E92AF68242B6FF900BCF20E /* HomeLeftMenuCollectionVC.swift */ = {isa = PBXFileReference; lastKnownFileType = sourcecode.swift; path = HomeLeftMenuCollectionVC.swift; sourceTree = "<group>"; };
		4E92AF6B242B717200BCF20E /* CustomMainHomeLeftView.swift */ = {isa = PBXFileReference; lastKnownFileType = sourcecode.swift; path = CustomMainHomeLeftView.swift; sourceTree = "<group>"; };
		4EA112B42429E4DB005B64E3 /* Bindable.swift */ = {isa = PBXFileReference; lastKnownFileType = sourcecode.swift; path = Bindable.swift; sourceTree = "<group>"; };
		4EA112B72429E541005B64E3 /* LoginViewModel.swift */ = {isa = PBXFileReference; lastKnownFileType = sourcecode.swift; path = LoginViewModel.swift; sourceTree = "<group>"; };
		4EA112B92429E557005B64E3 /* RegisterViewModel.swift */ = {isa = PBXFileReference; lastKnownFileType = sourcecode.swift; path = RegisterViewModel.swift; sourceTree = "<group>"; };
		4EA112BB2429E612005B64E3 /* SMSCodeViewModel.swift */ = {isa = PBXFileReference; lastKnownFileType = sourcecode.swift; path = SMSCodeViewModel.swift; sourceTree = "<group>"; };
		4EA112BD2429E94B005B64E3 /* ExtensionUivew.swift */ = {isa = PBXFileReference; fileEncoding = 4; lastKnownFileType = sourcecode.swift; name = ExtensionUivew.swift; path = "../../../../ios tutorial/ExtensionUivew.swift"; sourceTree = "<group>"; };
		4EA5379324264090000AE7AD /* DeatilsVC.swift */ = {isa = PBXFileReference; lastKnownFileType = sourcecode.swift; path = DeatilsVC.swift; sourceTree = "<group>"; };
		4EA53796242645E8000AE7AD /* CustomDetailsView.swift */ = {isa = PBXFileReference; lastKnownFileType = sourcecode.swift; path = CustomDetailsView.swift; sourceTree = "<group>"; };
		4EA5379824264605000AE7AD /* CustomBaseView.swift */ = {isa = PBXFileReference; lastKnownFileType = sourcecode.swift; path = CustomBaseView.swift; sourceTree = "<group>"; };
		4EADCF4E2428DA2100EEE761 /* MainClinicWorkingHoursVC.swift */ = {isa = PBXFileReference; lastKnownFileType = sourcecode.swift; path = MainClinicWorkingHoursVC.swift; sourceTree = "<group>"; };
		4EADCF502428DA5700EEE761 /* CustomMainClinicWorkingHoursView.swift */ = {isa = PBXFileReference; lastKnownFileType = sourcecode.swift; path = CustomMainClinicWorkingHoursView.swift; sourceTree = "<group>"; };
		4EBB726E242B22D4008DD084 /* TimeSelector.swift */ = {isa = PBXFileReference; lastKnownFileType = sourcecode.swift; path = TimeSelector.swift; sourceTree = "<group>"; };
		4EC8DDAA242A346500CEC5DF /* PaymentViewModel.swift */ = {isa = PBXFileReference; lastKnownFileType = sourcecode.swift; path = PaymentViewModel.swift; sourceTree = "<group>"; };
		4EC8DDAC242A363700CEC5DF /* MainPaymentVC.swift */ = {isa = PBXFileReference; fileEncoding = 4; lastKnownFileType = sourcecode.swift; name = MainPaymentVC.swift; path = "Doctoraak/Controller/Clinic for Doctor + Medical Center/MainPaymentVC.swift"; sourceTree = SOURCE_ROOT; };
		4EC977EE242B525200C61F1B /* DoctorHomeVC.swift */ = {isa = PBXFileReference; lastKnownFileType = sourcecode.swift; path = DoctorHomeVC.swift; sourceTree = "<group>"; };
		4EC977F1242B52AC00C61F1B /* CustomDoctorHomeView.swift */ = {isa = PBXFileReference; lastKnownFileType = sourcecode.swift; path = CustomDoctorHomeView.swift; sourceTree = "<group>"; };
		4EC977F6242B54D000C61F1B /* TopDoctorHomeCell.swift */ = {isa = PBXFileReference; lastKnownFileType = sourcecode.swift; path = TopDoctorHomeCell.swift; sourceTree = "<group>"; };
		4EC977F8242B59A300C61F1B /* DoctorHomePatientsCollectionVC.swift */ = {isa = PBXFileReference; lastKnownFileType = sourcecode.swift; path = DoctorHomePatientsCollectionVC.swift; sourceTree = "<group>"; };
		4EC977FA242B59D900C61F1B /* DoctorHomePatientsCell.swift */ = {isa = PBXFileReference; lastKnownFileType = sourcecode.swift; path = DoctorHomePatientsCell.swift; sourceTree = "<group>"; };
		7A52BB5124153A28008ED1F9 /* Doctoraak.app */ = {isa = PBXFileReference; explicitFileType = wrapper.application; includeInIndex = 0; path = Doctoraak.app; sourceTree = BUILT_PRODUCTS_DIR; };
		7A52BB5424153A28008ED1F9 /* AppDelegate.swift */ = {isa = PBXFileReference; lastKnownFileType = sourcecode.swift; path = AppDelegate.swift; sourceTree = "<group>"; };
		7A52BB5924153A28008ED1F9 /* Base */ = {isa = PBXFileReference; lastKnownFileType = file.storyboard; name = Base; path = Base.lproj/Main.storyboard; sourceTree = "<group>"; };
		7A52BB5B24153A30008ED1F9 /* Assets.xcassets */ = {isa = PBXFileReference; lastKnownFileType = folder.assetcatalog; path = Assets.xcassets; sourceTree = "<group>"; };
		7A52BB5E24153A30008ED1F9 /* Base */ = {isa = PBXFileReference; lastKnownFileType = file.storyboard; name = Base; path = Base.lproj/LaunchScreen.storyboard; sourceTree = "<group>"; };
		7A52BB6024153A30008ED1F9 /* Info.plist */ = {isa = PBXFileReference; lastKnownFileType = text.plist.xml; path = Info.plist; sourceTree = "<group>"; };
		7AE60E3E241914EC002E9AF6 /* MainSpecificationModel.swift */ = {isa = PBXFileReference; lastKnownFileType = sourcecode.swift; path = MainSpecificationModel.swift; sourceTree = "<group>"; };
		8C1195FC2E0096E7AF8F9EBD /* Pods-Doctoraak.release.xcconfig */ = {isa = PBXFileReference; includeInIndex = 1; lastKnownFileType = text.xcconfig; name = "Pods-Doctoraak.release.xcconfig"; path = "Target Support Files/Pods-Doctoraak/Pods-Doctoraak.release.xcconfig"; sourceTree = "<group>"; };
		BAD6BD9CA05933F3751070F3 /* Pods-Doctoraak.debug.xcconfig */ = {isa = PBXFileReference; includeInIndex = 1; lastKnownFileType = text.xcconfig; name = "Pods-Doctoraak.debug.xcconfig"; path = "Target Support Files/Pods-Doctoraak/Pods-Doctoraak.debug.xcconfig"; sourceTree = "<group>"; };
		C300D290AB172CC2F362780A /* Pods_Doctoraak.framework */ = {isa = PBXFileReference; explicitFileType = wrapper.framework; includeInIndex = 0; path = Pods_Doctoraak.framework; sourceTree = BUILT_PRODUCTS_DIR; };
/* End PBXFileReference section */

/* Begin PBXFrameworksBuildPhase section */
		7A52BB4E24153A28008ED1F9 /* Frameworks */ = {
			isa = PBXFrameworksBuildPhase;
			buildActionMask = 2147483647;
			files = (
				2AD2198E9BCAD6448C7CF56A /* Pods_Doctoraak.framework in Frameworks */,
			);
			runOnlyForDeploymentPostprocessing = 0;
		};
/* End PBXFrameworksBuildPhase section */

/* Begin PBXGroup section */
		4AD55D828A033710F8B4B53B /* Frameworks */ = {
			isa = PBXGroup;
			children = (
				C300D290AB172CC2F362780A /* Pods_Doctoraak.framework */,
			);
			name = Frameworks;
			sourceTree = "<group>";
		};
		4E111D782429C4B7000250AE /* Doctor + Medical Center */ = {
			isa = PBXGroup;
			children = (
				4E3458E52428B2A900DA89A0 /* Register */,
			);
			path = "Doctor + Medical Center";
			sourceTree = "<group>";
		};
		4E111D7C2429C50D000250AE /* Pharmacy View */ = {
			isa = PBXGroup;
			children = (
			);
			path = "Pharmacy View";
			sourceTree = "<group>";
		};
		4E111D7D2429C520000250AE /* Doctor +Medical Center View */ = {
			isa = PBXGroup;
			children = (
				4E3458E82428B2E600DA89A0 /* Register */,
			);
			path = "Doctor +Medical Center View";
			sourceTree = "<group>";
		};
		4E111D802429C5A6000250AE /* Constants */ = {
			isa = PBXGroup;
			children = (
				4E111D812429C5C1000250AE /* ColorConstants.swift */,
			);
			path = Constants;
			sourceTree = "<group>";
		};
		4E111D8D2429CCEA000250AE /* Main Login And Register */ = {
			isa = PBXGroup;
			children = (
				4E28EC65242A498100B54186 /* Forget password */,
				4E5803112427903900B5D502 /* MainLoginsVC.swift */,
				4E111D7A2429C4EC000250AE /* MainRegisterVC.swift */,
				4E3449062428BF9300259224 /* MainVerificationVC.swift */,
				4EC8DDAC242A363700CEC5DF /* MainPaymentVC.swift */,
			);
			path = "Main Login And Register";
			sourceTree = "<group>";
		};
		4E14F23C242B463500107FA7 /* Register */ = {
			isa = PBXGroup;
			children = (
				4EA112B92429E557005B64E3 /* RegisterViewModel.swift */,
				4E14F23A242B462400107FA7 /* DoctorRegisterViewModel.swift */,
			);
			path = Register;
			sourceTree = "<group>";
		};
		4E28EC65242A498100B54186 /* Forget password */ = {
			isa = PBXGroup;
			children = (
				4E28EC66242A49B100B54186 /* MainForgetPasswordVC.swift */,
				4E28EC6D242A4DB900B54186 /* MainNewPassVC.swift */,
			);
			path = "Forget password";
			sourceTree = "<group>";
		};
		4E28EC68242A4A5500B54186 /* Forget Password */ = {
			isa = PBXGroup;
			children = (
				4E28EC69242A4A7E00B54186 /* CustomMainForgetPassView.swift */,
				4E28EC6B242A4D9E00B54186 /* CustomMainNewPassView.swift */,
			);
			path = "Forget Password";
			sourceTree = "<group>";
		};
		4E333DFF2426557000F82E00 /* Base Cells */ = {
			isa = PBXGroup;
			children = (
				4EA5379824264605000AE7AD /* CustomBaseView.swift */,
				4E333E002426559000F82E00 /* BaseCollectionCell.swift */,
				4EC977F3242B530000C61F1B /* Doctor Home */,
				4E333E02242655D400F82E00 /* CardinolgyCell.swift */,
				4E333E0424265B2800F82E00 /* DoctorDaysShiftCell.swift */,
				4E333E12242663E400F82E00 /* DoctorWorkingDateCell.swift */,
			);
			path = "Base Cells";
			sourceTree = "<group>";
		};
		4E333E0624265C1500F82E00 /* Custom Views */ = {
			isa = PBXGroup;
			children = (
				4E333E0724265C2D00F82E00 /* CustomSiftButton.swift */,
				4E580315242796DC00B5D502 /* CustomSkyTextFieldRightPadding.swift */,
			);
			path = "Custom Views";
			sourceTree = "<group>";
		};
		4E333E0B2426604E00F82E00 /* BaseVC */ = {
			isa = PBXGroup;
			children = (
				4E333E0E2426607E00F82E00 /* BaseCollectionVC.swift */,
				4E580306242789B800B5D502 /* CustomBaseViewVC.swift */,
				4E35489B242B814C00DD4E7A /* BaseSlidingVC.swift */,
			);
			path = BaseVC;
			sourceTree = "<group>";
		};
		4E3458E52428B2A900DA89A0 /* Register */ = {
			isa = PBXGroup;
			children = (
				4E5E0BB4242891380031AE4A /* DoctorRegisterVC.swift */,
				4E3458E62428B2D100DA89A0 /* SecondRegisterVC.swift */,
			);
			path = Register;
			sourceTree = "<group>";
		};
		4E3458E82428B2E600DA89A0 /* Register */ = {
			isa = PBXGroup;
			children = (
				4E5E0BB6242891620031AE4A /* CustomRegisterView.swift */,
				4E3458E92428B2FF00DA89A0 /* CustomCecondRegisterView.swift */,
			);
			path = Register;
			sourceTree = "<group>";
		};
		4E35489D242B832200DD4E7A /* left menu */ = {
			isa = PBXGroup;
			children = (
				4E92AF68242B6FF900BCF20E /* HomeLeftMenuCollectionVC.swift */,
				4E35489E242B834300DD4E7A /* HomeLeftMenuTableVC.swift */,
			);
			path = "left menu";
			sourceTree = "<group>";
		};
		4E4AAEDC2428CB9000023720 /* Clinic for Doctor + Medical Center */ = {
			isa = PBXGroup;
			children = (
				4E4AAEDD2428CBA700023720 /* ClinicDataVC.swift */,
				4EADCF4E2428DA2100EEE761 /* MainClinicWorkingHoursVC.swift */,
			);
			path = "Clinic for Doctor + Medical Center";
			sourceTree = "<group>";
		};
		4E4AAEDF2428CCD400023720 /* Clinic */ = {
			isa = PBXGroup;
			children = (
				4E4AAEE02428CCE900023720 /* CustomClinicDataView.swift */,
				4EADCF502428DA5700EEE761 /* CustomMainClinicWorkingHoursView.swift */,
			);
			path = Clinic;
			sourceTree = "<group>";
		};
		4E5803032427897E00B5D502 /* Resgitration */ = {
			isa = PBXGroup;
			children = (
				4E111D8D2429CCEA000250AE /* Main Login And Register */,
				4E5803102427902700B5D502 /* Welcome */,
				4E111D782429C4B7000250AE /* Doctor + Medical Center */,
			);
			path = Resgitration;
			sourceTree = "<group>";
		};
		4E58030824278A1300B5D502 /* Registration */ = {
			isa = PBXGroup;
			children = (
				4E58030F2427901D00B5D502 /* Welcome */,
				4E111D7C2429C50D000250AE /* Pharmacy View */,
				4E111D7D2429C520000250AE /* Doctor +Medical Center View */,
			);
			path = Registration;
			sourceTree = "<group>";
		};
		4E58030F2427901D00B5D502 /* Welcome */ = {
			isa = PBXGroup;
			children = (
				4E93C106242A031300CF7F30 /* Main Login And Register */,
				4E58030924278A2700B5D502 /* CustomWelcomeView.swift */,
				4E58030D24278DDB00B5D502 /* CustomSecondWelcomeView.swift */,
				4E382D7124290BA5006B0E8D /* CustomWelcomeMainSecondView.swift */,
			);
			path = Welcome;
			sourceTree = "<group>";
		};
		4E5803102427902700B5D502 /* Welcome */ = {
			isa = PBXGroup;
			children = (
				4E5803042427899200B5D502 /* WelcomeVC.swift */,
				4E382D6F24290B74006B0E8D /* WelcomeMainSecondVC.swift */,
				4E58030B24278DB500B5D502 /* SecondWelcomeVC.swift */,
			);
			path = Welcome;
			sourceTree = "<group>";
		};
		4E5CE79D242748A2001EE175 /* Details */ = {
			isa = PBXGroup;
			children = (
				4EA5379324264090000AE7AD /* DeatilsVC.swift */,
				4E333E092426604900F82E00 /* DoctorSuggestShiftHorizentalVC.swift */,
				4E333E10242663BF00F82E00 /* DoctorWorkingDateCollectionVC.swift */,
			);
			path = Details;
			sourceTree = "<group>";
		};
		4E5CE7A024274909001EE175 /* CustomVC */ = {
			isa = PBXGroup;
			children = (
				4E92AF6A242B714200BCF20E /* MAIN Home */,
				4EC977F0242B528B00C61F1B /* Doctor Home */,
				4E4AAEDF2428CCD400023720 /* Clinic */,
				4E58030824278A1300B5D502 /* Registration */,
				4EA53796242645E8000AE7AD /* CustomDetailsView.swift */,
				4E5CE7A12427492A001EE175 /* CustomCardiologyView.swift */,
				4E5CE7A824275187001EE175 /* CusomBookView.swift */,
			);
			path = CustomVC;
			sourceTree = "<group>";
		};
		4E5CE7A324274A14001EE175 /* Cardinolgy */ = {
			isa = PBXGroup;
			children = (
				4E5CE7A424274A2C001EE175 /* CardiologyVC.swift */,
				4E5CE79E242748C0001EE175 /* CardiologyCollectionVC.swift */,
			);
			path = Cardinolgy;
			sourceTree = "<group>";
		};
		4E92AF63242B6AE300BCF20E /* Patients */ = {
			isa = PBXGroup;
			children = (
				4EC977F8242B59A300C61F1B /* DoctorHomePatientsCollectionVC.swift */,
				4E92AF64242B6AFA00BCF20E /* PatientDataVC.swift */,
			);
			path = Patients;
			sourceTree = "<group>";
		};
		4E92AF6A242B714200BCF20E /* MAIN Home */ = {
			isa = PBXGroup;
			children = (
				4E92AF6B242B717200BCF20E /* CustomMainHomeLeftView.swift */,
			);
			path = "MAIN Home";
			sourceTree = "<group>";
		};
		4E93C106242A031300CF7F30 /* Main Login And Register */ = {
			isa = PBXGroup;
			children = (
				4E28EC68242A4A5500B54186 /* Forget Password */,
				4E580313242790A200B5D502 /* CustomLoginsView.swift */,
				4E111D832429C690000250AE /* CustomMainRegisterView.swift */,
				4E3449082428BFB600259224 /* CustomMainVerificationView.swift */,
				4E8F40382428EA1700C0B455 /* CustomMainPaymentView.swift */,
			);
			path = "Main Login And Register";
			sourceTree = "<group>";
		};
		4EA112B32429E4A8005B64E3 /* View Model */ = {
			isa = PBXGroup;
			children = (
				4EA112B42429E4DB005B64E3 /* Bindable.swift */,
				4EA112B62429E52E005B64E3 /* Registration */,
			);
			path = "View Model";
			sourceTree = "<group>";
		};
		4EA112B62429E52E005B64E3 /* Registration */ = {
			isa = PBXGroup;
			children = (
				4EA112B72429E541005B64E3 /* LoginViewModel.swift */,
				4E14F23C242B463500107FA7 /* Register */,
				4EA112BB2429E612005B64E3 /* SMSCodeViewModel.swift */,
				4EC8DDAA242A346500CEC5DF /* PaymentViewModel.swift */,
				4E28EC71242A51C500B54186 /* NewPassViewModel.swift */,
			);
			path = Registration;
			sourceTree = "<group>";
		};
		4EA5378C242631BD000AE7AD /* Helpers */ = {
			isa = PBXGroup;
			children = (
				4EA112BD2429E94B005B64E3 /* ExtensionUivew.swift */,
				4E333E1424266A7700F82E00 /* Extensions.swift */,
				4E5E0BB8242891EF0031AE4A /* ExtensionsViews.swift */,
				4EBB726E242B22D4008DD084 /* TimeSelector.swift */,
			);
			path = Helpers;
			sourceTree = "<group>";
		};
		4EA5378F24263F3E000AE7AD /* Services */ = {
			isa = PBXGroup;
			children = (
			);
			path = Services;
			sourceTree = "<group>";
		};
		4EA537922426407F000AE7AD /* Doctor + Medical Center+All */ = {
			isa = PBXGroup;
			children = (
				4EC977ED242B524000C61F1B /* home */,
				4E5CE79D242748A2001EE175 /* Details */,
				4E5CE7A324274A14001EE175 /* Cardinolgy */,
				4E5CE7AA2427545C001EE175 /* DoctorBookVC.swift */,
			);
			path = "Doctor + Medical Center+All";
			sourceTree = "<group>";
		};
		4EC977ED242B524000C61F1B /* home */ = {
			isa = PBXGroup;
			children = (
				4EC977EE242B525200C61F1B /* DoctorHomeVC.swift */,
				4E92AF63242B6AE300BCF20E /* Patients */,
				4E35489D242B832200DD4E7A /* left menu */,
			);
			path = home;
			sourceTree = "<group>";
		};
		4EC977F0242B528B00C61F1B /* Doctor Home */ = {
			isa = PBXGroup;
			children = (
				4EC977F1242B52AC00C61F1B /* CustomDoctorHomeView.swift */,
				4E92AF66242B6B5C00BCF20E /* CustomPatientDataView.swift */,
			);
			path = "Doctor Home";
			sourceTree = "<group>";
		};
		4EC977F3242B530000C61F1B /* Doctor Home */ = {
			isa = PBXGroup;
			children = (
				4EC977F6242B54D000C61F1B /* TopDoctorHomeCell.swift */,
				4EC977FA242B59D900C61F1B /* DoctorHomePatientsCell.swift */,
				4E3548A0242B83C300DD4E7A /* DoctorLeftMenuCell.swift */,
			);
			path = "Doctor Home";
			sourceTree = "<group>";
		};
		76E90EC1DCD8ED624FA8D292 /* Pods */ = {
			isa = PBXGroup;
			children = (
				BAD6BD9CA05933F3751070F3 /* Pods-Doctoraak.debug.xcconfig */,
				8C1195FC2E0096E7AF8F9EBD /* Pods-Doctoraak.release.xcconfig */,
			);
			path = Pods;
			sourceTree = "<group>";
		};
		7A52BB4824153A28008ED1F9 = {
			isa = PBXGroup;
			children = (
				7A52BB5324153A28008ED1F9 /* Doctoraak */,
				7A52BB5224153A28008ED1F9 /* Products */,
				76E90EC1DCD8ED624FA8D292 /* Pods */,
				4AD55D828A033710F8B4B53B /* Frameworks */,
			);
			sourceTree = "<group>";
		};
		7A52BB5224153A28008ED1F9 /* Products */ = {
			isa = PBXGroup;
			children = (
				7A52BB5124153A28008ED1F9 /* Doctoraak.app */,
			);
			name = Products;
			sourceTree = "<group>";
		};
		7A52BB5324153A28008ED1F9 /* Doctoraak */ = {
			isa = PBXGroup;
			children = (
				7A52BB5424153A28008ED1F9 /* AppDelegate.swift */,
				4E111D802429C5A6000250AE /* Constants */,
				4EA5378F24263F3E000AE7AD /* Services */,
				4EA112B32429E4A8005B64E3 /* View Model */,
				7AB7E38724157FFA0033F347 /* Model */,
				7AB7E38624157FE30033F347 /* View */,
				7AB7E38524157FCF0033F347 /* Controller */,
				4EA5378C242631BD000AE7AD /* Helpers */,
				7A52BB5B24153A30008ED1F9 /* Assets.xcassets */,
				7A52BB5824153A28008ED1F9 /* Main.storyboard */,
				7A52BB5D24153A30008ED1F9 /* LaunchScreen.storyboard */,
				7A52BB6024153A30008ED1F9 /* Info.plist */,
			);
			path = Doctoraak;
			sourceTree = "<group>";
		};
		7AB7E38524157FCF0033F347 /* Controller */ = {
			isa = PBXGroup;
			children = (
				4E4AAEDC2428CB9000023720 /* Clinic for Doctor + Medical Center */,
				4E333E0B2426604E00F82E00 /* BaseVC */,
				4E5803032427897E00B5D502 /* Resgitration */,
				4EA537922426407F000AE7AD /* Doctor + Medical Center+All */,
			);
			path = Controller;
			sourceTree = "<group>";
		};
		7AB7E38624157FE30033F347 /* View */ = {
			isa = PBXGroup;
			children = (
				4E5CE7A024274909001EE175 /* CustomVC */,
				4E333DFF2426557000F82E00 /* Base Cells */,
				4E333E0624265C1500F82E00 /* Custom Views */,
			);
			path = View;
			sourceTree = "<group>";
		};
		7AB7E38724157FFA0033F347 /* Model */ = {
			isa = PBXGroup;
			children = (
				7AE60E3E241914EC002E9AF6 /* MainSpecificationModel.swift */,
			);
			path = Model;
			sourceTree = "<group>";
		};
/* End PBXGroup section */

/* Begin PBXNativeTarget section */
		7A52BB5024153A28008ED1F9 /* Doctoraak */ = {
			isa = PBXNativeTarget;
			buildConfigurationList = 7A52BB6324153A30008ED1F9 /* Build configuration list for PBXNativeTarget "Doctoraak" */;
			buildPhases = (
				48A8AE6766D98C2A614E5B6A /* [CP] Check Pods Manifest.lock */,
				7A52BB4D24153A28008ED1F9 /* Sources */,
				7A52BB4E24153A28008ED1F9 /* Frameworks */,
				7A52BB4F24153A28008ED1F9 /* Resources */,
				E1B8833E5FF216273EE0A238 /* [CP] Embed Pods Frameworks */,
			);
			buildRules = (
			);
			dependencies = (
			);
			name = Doctoraak;
			productName = Doctoraak;
			productReference = 7A52BB5124153A28008ED1F9 /* Doctoraak.app */;
			productType = "com.apple.product-type.application";
		};
/* End PBXNativeTarget section */

/* Begin PBXProject section */
		7A52BB4924153A28008ED1F9 /* Project object */ = {
			isa = PBXProject;
			attributes = {
				LastSwiftUpdateCheck = 1020;
				LastUpgradeCheck = 1020;
				ORGANIZATIONNAME = "Ahmad Eisa";
				TargetAttributes = {
					7A52BB5024153A28008ED1F9 = {
						CreatedOnToolsVersion = 10.2.1;
					};
				};
			};
			buildConfigurationList = 7A52BB4C24153A28008ED1F9 /* Build configuration list for PBXProject "Doctoraak" */;
			compatibilityVersion = "Xcode 9.3";
			developmentRegion = en;
			hasScannedForEncodings = 0;
			knownRegions = (
				en,
				Base,
			);
			mainGroup = 7A52BB4824153A28008ED1F9;
			productRefGroup = 7A52BB5224153A28008ED1F9 /* Products */;
			projectDirPath = "";
			projectRoot = "";
			targets = (
				7A52BB5024153A28008ED1F9 /* Doctoraak */,
			);
		};
/* End PBXProject section */

/* Begin PBXResourcesBuildPhase section */
		7A52BB4F24153A28008ED1F9 /* Resources */ = {
			isa = PBXResourcesBuildPhase;
			buildActionMask = 2147483647;
			files = (
				7A52BB5F24153A30008ED1F9 /* LaunchScreen.storyboard in Resources */,
				7A52BB5C24153A30008ED1F9 /* Assets.xcassets in Resources */,
				7A52BB5A24153A28008ED1F9 /* Main.storyboard in Resources */,
			);
			runOnlyForDeploymentPostprocessing = 0;
		};
/* End PBXResourcesBuildPhase section */

/* Begin PBXShellScriptBuildPhase section */
		48A8AE6766D98C2A614E5B6A /* [CP] Check Pods Manifest.lock */ = {
			isa = PBXShellScriptBuildPhase;
			buildActionMask = 2147483647;
			files = (
			);
			inputFileListPaths = (
			);
			inputPaths = (
				"${PODS_PODFILE_DIR_PATH}/Podfile.lock",
				"${PODS_ROOT}/Manifest.lock",
			);
			name = "[CP] Check Pods Manifest.lock";
			outputFileListPaths = (
			);
			outputPaths = (
				"$(DERIVED_FILE_DIR)/Pods-Doctoraak-checkManifestLockResult.txt",
			);
			runOnlyForDeploymentPostprocessing = 0;
			shellPath = /bin/sh;
			shellScript = "diff \"${PODS_PODFILE_DIR_PATH}/Podfile.lock\" \"${PODS_ROOT}/Manifest.lock\" > /dev/null\nif [ $? != 0 ] ; then\n    # print error to STDERR\n    echo \"error: The sandbox is not in sync with the Podfile.lock. Run 'pod install' or update your CocoaPods installation.\" >&2\n    exit 1\nfi\n# This output is used by Xcode 'outputs' to avoid re-running this script phase.\necho \"SUCCESS\" > \"${SCRIPT_OUTPUT_FILE_0}\"\n";
			showEnvVarsInLog = 0;
		};
		E1B8833E5FF216273EE0A238 /* [CP] Embed Pods Frameworks */ = {
			isa = PBXShellScriptBuildPhase;
			buildActionMask = 2147483647;
			files = (
			);
			inputFileListPaths = (
				"${PODS_ROOT}/Target Support Files/Pods-Doctoraak/Pods-Doctoraak-frameworks-${CONFIGURATION}-input-files.xcfilelist",
			);
			name = "[CP] Embed Pods Frameworks";
			outputFileListPaths = (
				"${PODS_ROOT}/Target Support Files/Pods-Doctoraak/Pods-Doctoraak-frameworks-${CONFIGURATION}-output-files.xcfilelist",
			);
			runOnlyForDeploymentPostprocessing = 0;
			shellPath = /bin/sh;
			shellScript = "\"${PODS_ROOT}/Target Support Files/Pods-Doctoraak/Pods-Doctoraak-frameworks.sh\"\n";
			showEnvVarsInLog = 0;
		};
/* End PBXShellScriptBuildPhase section */

/* Begin PBXSourcesBuildPhase section */
		7A52BB4D24153A28008ED1F9 /* Sources */ = {
			isa = PBXSourcesBuildPhase;
			buildActionMask = 2147483647;
			files = (
				4E333E1524266A7700F82E00 /* Extensions.swift in Sources */,
				4E580307242789B800B5D502 /* CustomBaseViewVC.swift in Sources */,
				4EC977F9242B59A300C61F1B /* DoctorHomePatientsCollectionVC.swift in Sources */,
				4E111D842429C690000250AE /* CustomMainRegisterView.swift in Sources */,
				4E8F40392428EA1700C0B455 /* CustomMainPaymentView.swift in Sources */,
				4EA112BE2429E94B005B64E3 /* ExtensionUivew.swift in Sources */,
				4E5E0BB7242891620031AE4A /* CustomRegisterView.swift in Sources */,
				4E3458E72428B2D100DA89A0 /* SecondRegisterVC.swift in Sources */,
				4EC977FB242B59D900C61F1B /* DoctorHomePatientsCell.swift in Sources */,
				7AE60E3F241914EC002E9AF6 /* MainSpecificationModel.swift in Sources */,
				4E3548A1242B83C300DD4E7A /* DoctorLeftMenuCell.swift in Sources */,
				4E5803122427903900B5D502 /* MainLoginsVC.swift in Sources */,
				4E5CE7A924275187001EE175 /* CusomBookView.swift in Sources */,
				4E14F23B242B462400107FA7 /* DoctorRegisterViewModel.swift in Sources */,
				4E5CE7AB2427545C001EE175 /* DoctorBookVC.swift in Sources */,
				4E333E0524265B2800F82E00 /* DoctorDaysShiftCell.swift in Sources */,
				4E92AF69242B6FF900BCF20E /* HomeLeftMenuCollectionVC.swift in Sources */,
				4E333E0824265C2D00F82E00 /* CustomSiftButton.swift in Sources */,
				4E92AF6C242B717200BCF20E /* CustomMainHomeLeftView.swift in Sources */,
				4EC977F7242B54D000C61F1B /* TopDoctorHomeCell.swift in Sources */,
				4E333E0F2426607E00F82E00 /* BaseCollectionVC.swift in Sources */,
				4EA112BC2429E612005B64E3 /* SMSCodeViewModel.swift in Sources */,
				4EC8DDAB242A346500CEC5DF /* PaymentViewModel.swift in Sources */,
				4E28EC6A242A4A7E00B54186 /* CustomMainForgetPassView.swift in Sources */,
				4E580316242796DC00B5D502 /* CustomSkyTextFieldRightPadding.swift in Sources */,
				4E92AF65242B6AFA00BCF20E /* PatientDataVC.swift in Sources */,
				4EA5379424264090000AE7AD /* DeatilsVC.swift in Sources */,
				4E5E0BB5242891380031AE4A /* DoctorRegisterVC.swift in Sources */,
				4E333E0A2426604900F82E00 /* DoctorSuggestShiftHorizentalVC.swift in Sources */,
				4E58030E24278DDB00B5D502 /* CustomSecondWelcomeView.swift in Sources */,
				4EA53797242645E8000AE7AD /* CustomDetailsView.swift in Sources */,
				4E5CE7A524274A2C001EE175 /* CardiologyVC.swift in Sources */,
				4E58030C24278DB500B5D502 /* SecondWelcomeVC.swift in Sources */,
				4E333E03242655D400F82E00 /* CardinolgyCell.swift in Sources */,
				4EC977F2242B52AC00C61F1B /* CustomDoctorHomeView.swift in Sources */,
				4E382D7024290B74006B0E8D /* WelcomeMainSecondVC.swift in Sources */,
				4E333E11242663BF00F82E00 /* DoctorWorkingDateCollectionVC.swift in Sources */,
				4E28EC67242A49B100B54186 /* MainForgetPasswordVC.swift in Sources */,
				4EC977EF242B525200C61F1B /* DoctorHomeVC.swift in Sources */,
				4E35489F242B834300DD4E7A /* HomeLeftMenuTableVC.swift in Sources */,
				4E5CE7A22427492A001EE175 /* CustomCardiologyView.swift in Sources */,
				4E4AAEE12428CCE900023720 /* CustomClinicDataView.swift in Sources */,
				4EA112BA2429E557005B64E3 /* RegisterViewModel.swift in Sources */,
				4EADCF4F2428DA2100EEE761 /* MainClinicWorkingHoursVC.swift in Sources */,
				4E28EC6C242A4D9E00B54186 /* CustomMainNewPassView.swift in Sources */,
				4E382D7224290BA5006B0E8D /* CustomWelcomeMainSecondView.swift in Sources */,
				4EADCF512428DA5700EEE761 /* CustomMainClinicWorkingHoursView.swift in Sources */,
				4EA5379924264605000AE7AD /* CustomBaseView.swift in Sources */,
				4E92AF67242B6B5C00BCF20E /* CustomPatientDataView.swift in Sources */,
				4E28EC72242A51C500B54186 /* NewPassViewModel.swift in Sources */,
				4E5803052427899200B5D502 /* WelcomeVC.swift in Sources */,
				4E4AAEDE2428CBA700023720 /* ClinicDataVC.swift in Sources */,
				4E5CE79F242748C0001EE175 /* CardiologyCollectionVC.swift in Sources */,
				4E333E012426559000F82E00 /* BaseCollectionCell.swift in Sources */,
				4EA112B52429E4DB005B64E3 /* Bindable.swift in Sources */,
				4EC8DDAD242A363700CEC5DF /* MainPaymentVC.swift in Sources */,
				4EBB726F242B22D4008DD084 /* TimeSelector.swift in Sources */,
				4E5E0BB9242891EF0031AE4A /* ExtensionsViews.swift in Sources */,
				4E35489C242B814C00DD4E7A /* BaseSlidingVC.swift in Sources */,
				4E3449092428BFB600259224 /* CustomMainVerificationView.swift in Sources */,
				4E580314242790A200B5D502 /* CustomLoginsView.swift in Sources */,
				7A52BB5524153A28008ED1F9 /* AppDelegate.swift in Sources */,
				4EA112B82429E541005B64E3 /* LoginViewModel.swift in Sources */,
				4E111D7B2429C4EC000250AE /* MainRegisterVC.swift in Sources */,
				4E333E13242663E400F82E00 /* DoctorWorkingDateCell.swift in Sources */,
				4E28EC6E242A4DB900B54186 /* MainNewPassVC.swift in Sources */,
				4E3449072428BF9300259224 /* MainVerificationVC.swift in Sources */,
				4E111D822429C5C1000250AE /* ColorConstants.swift in Sources */,
				4E3458EA2428B2FF00DA89A0 /* CustomCecondRegisterView.swift in Sources */,
				4E58030A24278A2700B5D502 /* CustomWelcomeView.swift in Sources */,
			);
			runOnlyForDeploymentPostprocessing = 0;
		};
/* End PBXSourcesBuildPhase section */

/* Begin PBXVariantGroup section */
		7A52BB5824153A28008ED1F9 /* Main.storyboard */ = {
			isa = PBXVariantGroup;
			children = (
				7A52BB5924153A28008ED1F9 /* Base */,
			);
			name = Main.storyboard;
			sourceTree = "<group>";
		};
		7A52BB5D24153A30008ED1F9 /* LaunchScreen.storyboard */ = {
			isa = PBXVariantGroup;
			children = (
				7A52BB5E24153A30008ED1F9 /* Base */,
			);
			name = LaunchScreen.storyboard;
			sourceTree = "<group>";
		};
/* End PBXVariantGroup section */

/* Begin XCBuildConfiguration section */
		7A52BB6124153A30008ED1F9 /* Debug */ = {
			isa = XCBuildConfiguration;
			buildSettings = {
				ALWAYS_SEARCH_USER_PATHS = NO;
				CLANG_ANALYZER_NONNULL = YES;
				CLANG_ANALYZER_NUMBER_OBJECT_CONVERSION = YES_AGGRESSIVE;
				CLANG_CXX_LANGUAGE_STANDARD = "gnu++14";
				CLANG_CXX_LIBRARY = "libc++";
				CLANG_ENABLE_MODULES = YES;
				CLANG_ENABLE_OBJC_ARC = YES;
				CLANG_ENABLE_OBJC_WEAK = YES;
				CLANG_WARN_BLOCK_CAPTURE_AUTORELEASING = YES;
				CLANG_WARN_BOOL_CONVERSION = YES;
				CLANG_WARN_COMMA = YES;
				CLANG_WARN_CONSTANT_CONVERSION = YES;
				CLANG_WARN_DEPRECATED_OBJC_IMPLEMENTATIONS = YES;
				CLANG_WARN_DIRECT_OBJC_ISA_USAGE = YES_ERROR;
				CLANG_WARN_DOCUMENTATION_COMMENTS = YES;
				CLANG_WARN_EMPTY_BODY = YES;
				CLANG_WARN_ENUM_CONVERSION = YES;
				CLANG_WARN_INFINITE_RECURSION = YES;
				CLANG_WARN_INT_CONVERSION = YES;
				CLANG_WARN_NON_LITERAL_NULL_CONVERSION = YES;
				CLANG_WARN_OBJC_IMPLICIT_RETAIN_SELF = YES;
				CLANG_WARN_OBJC_LITERAL_CONVERSION = YES;
				CLANG_WARN_OBJC_ROOT_CLASS = YES_ERROR;
				CLANG_WARN_RANGE_LOOP_ANALYSIS = YES;
				CLANG_WARN_STRICT_PROTOTYPES = YES;
				CLANG_WARN_SUSPICIOUS_MOVE = YES;
				CLANG_WARN_UNGUARDED_AVAILABILITY = YES_AGGRESSIVE;
				CLANG_WARN_UNREACHABLE_CODE = YES;
				CLANG_WARN__DUPLICATE_METHOD_MATCH = YES;
				CODE_SIGN_IDENTITY = "iPhone Developer";
				COPY_PHASE_STRIP = NO;
				DEBUG_INFORMATION_FORMAT = dwarf;
				ENABLE_STRICT_OBJC_MSGSEND = YES;
				ENABLE_TESTABILITY = YES;
				GCC_C_LANGUAGE_STANDARD = gnu11;
				GCC_DYNAMIC_NO_PIC = NO;
				GCC_NO_COMMON_BLOCKS = YES;
				GCC_OPTIMIZATION_LEVEL = 0;
				GCC_PREPROCESSOR_DEFINITIONS = (
					"DEBUG=1",
					"$(inherited)",
				);
				GCC_WARN_64_TO_32_BIT_CONVERSION = YES;
				GCC_WARN_ABOUT_RETURN_TYPE = YES_ERROR;
				GCC_WARN_UNDECLARED_SELECTOR = YES;
				GCC_WARN_UNINITIALIZED_AUTOS = YES_AGGRESSIVE;
				GCC_WARN_UNUSED_FUNCTION = YES;
				GCC_WARN_UNUSED_VARIABLE = YES;
				IPHONEOS_DEPLOYMENT_TARGET = 12.2;
				MTL_ENABLE_DEBUG_INFO = INCLUDE_SOURCE;
				MTL_FAST_MATH = YES;
				ONLY_ACTIVE_ARCH = YES;
				SDKROOT = iphoneos;
				SWIFT_ACTIVE_COMPILATION_CONDITIONS = DEBUG;
				SWIFT_OPTIMIZATION_LEVEL = "-Onone";
			};
			name = Debug;
		};
		7A52BB6224153A30008ED1F9 /* Release */ = {
			isa = XCBuildConfiguration;
			buildSettings = {
				ALWAYS_SEARCH_USER_PATHS = NO;
				CLANG_ANALYZER_NONNULL = YES;
				CLANG_ANALYZER_NUMBER_OBJECT_CONVERSION = YES_AGGRESSIVE;
				CLANG_CXX_LANGUAGE_STANDARD = "gnu++14";
				CLANG_CXX_LIBRARY = "libc++";
				CLANG_ENABLE_MODULES = YES;
				CLANG_ENABLE_OBJC_ARC = YES;
				CLANG_ENABLE_OBJC_WEAK = YES;
				CLANG_WARN_BLOCK_CAPTURE_AUTORELEASING = YES;
				CLANG_WARN_BOOL_CONVERSION = YES;
				CLANG_WARN_COMMA = YES;
				CLANG_WARN_CONSTANT_CONVERSION = YES;
				CLANG_WARN_DEPRECATED_OBJC_IMPLEMENTATIONS = YES;
				CLANG_WARN_DIRECT_OBJC_ISA_USAGE = YES_ERROR;
				CLANG_WARN_DOCUMENTATION_COMMENTS = YES;
				CLANG_WARN_EMPTY_BODY = YES;
				CLANG_WARN_ENUM_CONVERSION = YES;
				CLANG_WARN_INFINITE_RECURSION = YES;
				CLANG_WARN_INT_CONVERSION = YES;
				CLANG_WARN_NON_LITERAL_NULL_CONVERSION = YES;
				CLANG_WARN_OBJC_IMPLICIT_RETAIN_SELF = YES;
				CLANG_WARN_OBJC_LITERAL_CONVERSION = YES;
				CLANG_WARN_OBJC_ROOT_CLASS = YES_ERROR;
				CLANG_WARN_RANGE_LOOP_ANALYSIS = YES;
				CLANG_WARN_STRICT_PROTOTYPES = YES;
				CLANG_WARN_SUSPICIOUS_MOVE = YES;
				CLANG_WARN_UNGUARDED_AVAILABILITY = YES_AGGRESSIVE;
				CLANG_WARN_UNREACHABLE_CODE = YES;
				CLANG_WARN__DUPLICATE_METHOD_MATCH = YES;
				CODE_SIGN_IDENTITY = "iPhone Developer";
				COPY_PHASE_STRIP = NO;
				DEBUG_INFORMATION_FORMAT = "dwarf-with-dsym";
				ENABLE_NS_ASSERTIONS = NO;
				ENABLE_STRICT_OBJC_MSGSEND = YES;
				GCC_C_LANGUAGE_STANDARD = gnu11;
				GCC_NO_COMMON_BLOCKS = YES;
				GCC_WARN_64_TO_32_BIT_CONVERSION = YES;
				GCC_WARN_ABOUT_RETURN_TYPE = YES_ERROR;
				GCC_WARN_UNDECLARED_SELECTOR = YES;
				GCC_WARN_UNINITIALIZED_AUTOS = YES_AGGRESSIVE;
				GCC_WARN_UNUSED_FUNCTION = YES;
				GCC_WARN_UNUSED_VARIABLE = YES;
				IPHONEOS_DEPLOYMENT_TARGET = 12.2;
				MTL_ENABLE_DEBUG_INFO = NO;
				MTL_FAST_MATH = YES;
				SDKROOT = iphoneos;
				SWIFT_COMPILATION_MODE = wholemodule;
				SWIFT_OPTIMIZATION_LEVEL = "-O";
				VALIDATE_PRODUCT = YES;
			};
			name = Release;
		};
		7A52BB6424153A30008ED1F9 /* Debug */ = {
			isa = XCBuildConfiguration;
			baseConfigurationReference = BAD6BD9CA05933F3751070F3 /* Pods-Doctoraak.debug.xcconfig */;
			buildSettings = {
				ASSETCATALOG_COMPILER_APPICON_NAME = AppIcon;
				CODE_SIGN_STYLE = Automatic;
				DEVELOPMENT_TEAM = 5RTZJMVRS2;
				INFOPLIST_FILE = Doctoraak/Info.plist;
				LD_RUNPATH_SEARCH_PATHS = (
					"$(inherited)",
					"@executable_path/Frameworks",
				);
				PRODUCT_BUNDLE_IDENTIFIER = ahmad.eisa.Doctoraak;
				PRODUCT_NAME = "$(TARGET_NAME)";
				SWIFT_VERSION = 4.2;
				TARGETED_DEVICE_FAMILY = "1,2";
			};
			name = Debug;
		};
		7A52BB6524153A30008ED1F9 /* Release */ = {
			isa = XCBuildConfiguration;
			baseConfigurationReference = 8C1195FC2E0096E7AF8F9EBD /* Pods-Doctoraak.release.xcconfig */;
			buildSettings = {
				ASSETCATALOG_COMPILER_APPICON_NAME = AppIcon;
				CODE_SIGN_STYLE = Automatic;
				DEVELOPMENT_TEAM = 5RTZJMVRS2;
				INFOPLIST_FILE = Doctoraak/Info.plist;
				LD_RUNPATH_SEARCH_PATHS = (
					"$(inherited)",
					"@executable_path/Frameworks",
				);
				PRODUCT_BUNDLE_IDENTIFIER = ahmad.eisa.Doctoraak;
				PRODUCT_NAME = "$(TARGET_NAME)";
				SWIFT_VERSION = 4.2;
				TARGETED_DEVICE_FAMILY = "1,2";
			};
			name = Release;
		};
/* End XCBuildConfiguration section */

/* Begin XCConfigurationList section */
		7A52BB4C24153A28008ED1F9 /* Build configuration list for PBXProject "Doctoraak" */ = {
			isa = XCConfigurationList;
			buildConfigurations = (
				7A52BB6124153A30008ED1F9 /* Debug */,
				7A52BB6224153A30008ED1F9 /* Release */,
			);
			defaultConfigurationIsVisible = 0;
			defaultConfigurationName = Release;
		};
		7A52BB6324153A30008ED1F9 /* Build configuration list for PBXNativeTarget "Doctoraak" */ = {
			isa = XCConfigurationList;
			buildConfigurations = (
				7A52BB6424153A30008ED1F9 /* Debug */,
				7A52BB6524153A30008ED1F9 /* Release */,
			);
			defaultConfigurationIsVisible = 0;
			defaultConfigurationName = Release;
		};
/* End XCConfigurationList section */
	};
	rootObject = 7A52BB4924153A28008ED1F9 /* Project object */;
}
